// !$*UTF8*$!
{
	archiveVersion = 1;
	classes = {
	};
	objectVersion = 56;
	objects = {

/* Begin PBXBuildFile section */
		3EDC38AB289AF2EC00D08D2C /* EventRow.swift in Sources */ = {isa = PBXBuildFile; fileRef = 3EDC3899289AF2EC00D08D2C /* EventRow.swift */; };
		3EDC38AC289AF2EC00D08D2C /* EventData.swift in Sources */ = {isa = PBXBuildFile; fileRef = 3EDC389A289AF2EC00D08D2C /* EventData.swift */; };
		3EDC38AD289AF2EC00D08D2C /* SymbolPicker.swift in Sources */ = {isa = PBXBuildFile; fileRef = 3EDC389B289AF2EC00D08D2C /* SymbolPicker.swift */; };
		3EDC38AE289AF2EC00D08D2C /* Event.swift in Sources */ = {isa = PBXBuildFile; fileRef = 3EDC389C289AF2EC00D08D2C /* Event.swift */; };
		3EDC38AF289AF2EC00D08D2C /* Assets.xcassets in Resources */ = {isa = PBXBuildFile; fileRef = 3EDC389D289AF2EC00D08D2C /* Assets.xcassets */; };
		3EDC38B0289AF2EC00D08D2C /* SFSymbolStyling.swift in Sources */ = {isa = PBXBuildFile; fileRef = 3EDC389E289AF2EC00D08D2C /* SFSymbolStyling.swift */; };
		3EDC38B1289AF2EC00D08D2C /* Preview Assets.xcassets in Resources */ = {isa = PBXBuildFile; fileRef = 3EDC38A0289AF2EC00D08D2C /* Preview Assets.xcassets */; };
		3EDC38B2289AF2EC00D08D2C /* TaskRow.swift in Sources */ = {isa = PBXBuildFile; fileRef = 3EDC38A1289AF2EC00D08D2C /* TaskRow.swift */; };
		3EDC38B3289AF2EC00D08D2C /* EventList.swift in Sources */ = {isa = PBXBuildFile; fileRef = 3EDC38A2289AF2EC00D08D2C /* EventList.swift */; };
		3EDC38B4289AF2EC00D08D2C /* EventSymbols.swift in Sources */ = {isa = PBXBuildFile; fileRef = 3EDC38A3289AF2EC00D08D2C /* EventSymbols.swift */; };
		3EDC38B5289AF2EC00D08D2C /* EventEditor.swift in Sources */ = {isa = PBXBuildFile; fileRef = 3EDC38A4289AF2EC00D08D2C /* EventEditor.swift */; };
		3EDC38B6289AF2EC00D08D2C /* ColorOption.swift in Sources */ = {isa = PBXBuildFile; fileRef = 3EDC38A5289AF2EC00D08D2C /* ColorOption.swift */; };
		3EDC38B7289AF2EC00D08D2C /* EventTask.swift in Sources */ = {isa = PBXBuildFile; fileRef = 3EDC38A6289AF2EC00D08D2C /* EventTask.swift */; };
		3EDC38B8289AF2EC00D08D2C /* DatePlannerApp.swift in Sources */ = {isa = PBXBuildFile; fileRef = 3EDC38A7289AF2EC00D08D2C /* DatePlannerApp.swift */; };
		3EDC38B9289AF2EC00D08D2C /* EventDetail.swift in Sources */ = {isa = PBXBuildFile; fileRef = 3EDC38A8289AF2EC00D08D2C /* EventDetail.swift */; };
		3EDC38BA289AF2EC00D08D2C /* README.md in Resources */ = {isa = PBXBuildFile; fileRef = 3EDC38A9289AF2EC00D08D2C /* README.md */; };
		3EDC38BB289AF2EC00D08D2C /* License.txt in Resources */ = {isa = PBXBuildFile; fileRef = 3EDC38AA289AF2EC00D08D2C /* License.txt */; };
/* End PBXBuildFile section */

/* Begin PBXFileReference section */
		3EDC3887289AF2C200D08D2C /* Date Planner-710387.app */ = {isa = PBXFileReference; explicitFileType = wrapper.application; includeInIndex = 0; path = "Date Planner-710387.app"; sourceTree = BUILT_PRODUCTS_DIR; };
		3EDC3899289AF2EC00D08D2C /* EventRow.swift */ = {isa = PBXFileReference; fileEncoding = 4; lastKnownFileType = sourcecode.swift; path = EventRow.swift; sourceTree = "<group>"; };
		3EDC389A289AF2EC00D08D2C /* EventData.swift */ = {isa = PBXFileReference; fileEncoding = 4; lastKnownFileType = sourcecode.swift; path = EventData.swift; sourceTree = "<group>"; };
		3EDC389B289AF2EC00D08D2C /* SymbolPicker.swift */ = {isa = PBXFileReference; fileEncoding = 4; lastKnownFileType = sourcecode.swift; path = SymbolPicker.swift; sourceTree = "<group>"; };
		3EDC389C289AF2EC00D08D2C /* Event.swift */ = {isa = PBXFileReference; fileEncoding = 4; lastKnownFileType = sourcecode.swift; path = Event.swift; sourceTree = "<group>"; };
		3EDC389D289AF2EC00D08D2C /* Assets.xcassets */ = {isa = PBXFileReference; lastKnownFileType = folder.assetcatalog; path = Assets.xcassets; sourceTree = "<group>"; };
		3EDC389E289AF2EC00D08D2C /* SFSymbolStyling.swift */ = {isa = PBXFileReference; fileEncoding = 4; lastKnownFileType = sourcecode.swift; path = SFSymbolStyling.swift; sourceTree = "<group>"; };
		3EDC38A0289AF2EC00D08D2C /* Preview Assets.xcassets */ = {isa = PBXFileReference; lastKnownFileType = folder.assetcatalog; path = "Preview Assets.xcassets"; sourceTree = "<group>"; };
		3EDC38A1289AF2EC00D08D2C /* TaskRow.swift */ = {isa = PBXFileReference; fileEncoding = 4; lastKnownFileType = sourcecode.swift; path = TaskRow.swift; sourceTree = "<group>"; };
		3EDC38A2289AF2EC00D08D2C /* EventList.swift */ = {isa = PBXFileReference; fileEncoding = 4; lastKnownFileType = sourcecode.swift; path = EventList.swift; sourceTree = "<group>"; };
		3EDC38A3289AF2EC00D08D2C /* EventSymbols.swift */ = {isa = PBXFileReference; fileEncoding = 4; lastKnownFileType = sourcecode.swift; path = EventSymbols.swift; sourceTree = "<group>"; };
		3EDC38A4289AF2EC00D08D2C /* EventEditor.swift */ = {isa = PBXFileReference; fileEncoding = 4; lastKnownFileType = sourcecode.swift; path = EventEditor.swift; sourceTree = "<group>"; };
		3EDC38A5289AF2EC00D08D2C /* ColorOption.swift */ = {isa = PBXFileReference; fileEncoding = 4; lastKnownFileType = sourcecode.swift; path = ColorOption.swift; sourceTree = "<group>"; };
		3EDC38A6289AF2EC00D08D2C /* EventTask.swift */ = {isa = PBXFileReference; fileEncoding = 4; lastKnownFileType = sourcecode.swift; path = EventTask.swift; sourceTree = "<group>"; };
		3EDC38A7289AF2EC00D08D2C /* DatePlannerApp.swift */ = {isa = PBXFileReference; fileEncoding = 4; lastKnownFileType = sourcecode.swift; path = DatePlannerApp.swift; sourceTree = "<group>"; };
		3EDC38A8289AF2EC00D08D2C /* EventDetail.swift */ = {isa = PBXFileReference; fileEncoding = 4; lastKnownFileType = sourcecode.swift; path = EventDetail.swift; sourceTree = "<group>"; };
		3EDC38A9289AF2EC00D08D2C /* README.md */ = {isa = PBXFileReference; fileEncoding = 4; lastKnownFileType = net.daringfireball.markdown; path = README.md; sourceTree = "<group>"; };
		3EDC38AA289AF2EC00D08D2C /* License.txt */ = {isa = PBXFileReference; fileEncoding = 4; lastKnownFileType = text; path = License.txt; sourceTree = "<group>"; };
/* End PBXFileReference section */

/* Begin PBXFrameworksBuildPhase section */
		3EDC3884289AF2C200D08D2C /* Frameworks */ = {
			isa = PBXFrameworksBuildPhase;
			buildActionMask = 2147483647;
			files = (
			);
			runOnlyForDeploymentPostprocessing = 0;
		};
/* End PBXFrameworksBuildPhase section */

/* Begin PBXGroup section */
		3EDC387E289AF2C200D08D2C = {
			isa = PBXGroup;
			children = (
				3EDC3898289AF2EC00D08D2C /* App */,
				3EDC38AA289AF2EC00D08D2C /* License.txt */,
				3EDC38A9289AF2EC00D08D2C /* README.md */,
				3EDC3888289AF2C200D08D2C /* Products */,
			);
			sourceTree = "<group>";
		};
		3EDC3888289AF2C200D08D2C /* Products */ = {
			isa = PBXGroup;
			children = (
				3EDC3887289AF2C200D08D2C /* Date Planner-710387.app */,
			);
			name = Products;
			sourceTree = "<group>";
		};
		3EDC3898289AF2EC00D08D2C /* App */ = {
			isa = PBXGroup;
			children = (
				3EDC3899289AF2EC00D08D2C /* EventRow.swift */,
				3EDC389A289AF2EC00D08D2C /* EventData.swift */,
				3EDC389B289AF2EC00D08D2C /* SymbolPicker.swift */,
				3EDC389C289AF2EC00D08D2C /* Event.swift */,
				3EDC389D289AF2EC00D08D2C /* Assets.xcassets */,
				3EDC389E289AF2EC00D08D2C /* SFSymbolStyling.swift */,
				3EDC389F289AF2EC00D08D2C /* Preview Content */,
				3EDC38A1289AF2EC00D08D2C /* TaskRow.swift */,
				3EDC38A2289AF2EC00D08D2C /* EventList.swift */,
				3EDC38A3289AF2EC00D08D2C /* EventSymbols.swift */,
				3EDC38A4289AF2EC00D08D2C /* EventEditor.swift */,
				3EDC38A5289AF2EC00D08D2C /* ColorOption.swift */,
				3EDC38A6289AF2EC00D08D2C /* EventTask.swift */,
				3EDC38A7289AF2EC00D08D2C /* DatePlannerApp.swift */,
				3EDC38A8289AF2EC00D08D2C /* EventDetail.swift */,
			);
			path = App;
			sourceTree = "<group>";
		};
		3EDC389F289AF2EC00D08D2C /* Preview Content */ = {
			isa = PBXGroup;
			children = (
				3EDC38A0289AF2EC00D08D2C /* Preview Assets.xcassets */,
			);
			path = "Preview Content";
			sourceTree = "<group>";
		};
/* End PBXGroup section */

/* Begin PBXNativeTarget section */
		3EDC3886289AF2C200D08D2C /* Date Planner-710387 */ = {
			isa = PBXNativeTarget;
			buildConfigurationList = 3EDC3895289AF2C300D08D2C /* Build configuration list for PBXNativeTarget "Date Planner-710387" */;
			buildPhases = (
				3EDC3883289AF2C200D08D2C /* Sources */,
				3EDC3884289AF2C200D08D2C /* Frameworks */,
				3EDC3885289AF2C200D08D2C /* Resources */,
			);
			buildRules = (
			);
			dependencies = (
			);
			name = "Date Planner-710387";
			productName = "Date Planner-710387";
			productReference = 3EDC3887289AF2C200D08D2C /* Date Planner-710387.app */;
			productType = "com.apple.product-type.application";
		};
/* End PBXNativeTarget section */

/* Begin PBXProject section */
		3EDC387F289AF2C200D08D2C /* Project object */ = {
			isa = PBXProject;
			attributes = {
				BuildIndependentTargetsInParallel = 1;
				LastSwiftUpdateCheck = 1400;
				LastUpgradeCheck = 1400;
				TargetAttributes = {
					3EDC3886289AF2C200D08D2C = {
						CreatedOnToolsVersion = 14.0;
					};
				};
			};
			buildConfigurationList = 3EDC3882289AF2C200D08D2C /* Build configuration list for PBXProject "Date Planner-710387" */;
			compatibilityVersion = "Xcode 14.0";
			developmentRegion = en;
			hasScannedForEncodings = 0;
			knownRegions = (
				en,
				Base,
			);
			mainGroup = 3EDC387E289AF2C200D08D2C;
			productRefGroup = 3EDC3888289AF2C200D08D2C /* Products */;
			projectDirPath = "";
			projectRoot = "";
			targets = (
				3EDC3886289AF2C200D08D2C /* Date Planner-710387 */,
			);
		};
/* End PBXProject section */

/* Begin PBXResourcesBuildPhase section */
		3EDC3885289AF2C200D08D2C /* Resources */ = {
			isa = PBXResourcesBuildPhase;
			buildActionMask = 2147483647;
			files = (
				3EDC38BB289AF2EC00D08D2C /* License.txt in Resources */,
				3EDC38BA289AF2EC00D08D2C /* README.md in Resources */,
				3EDC38B1289AF2EC00D08D2C /* Preview Assets.xcassets in Resources */,
				3EDC38AF289AF2EC00D08D2C /* Assets.xcassets in Resources */,
			);
			runOnlyForDeploymentPostprocessing = 0;
		};
/* End PBXResourcesBuildPhase section */

/* Begin PBXSourcesBuildPhase section */
		3EDC3883289AF2C200D08D2C /* Sources */ = {
			isa = PBXSourcesBuildPhase;
			buildActionMask = 2147483647;
			files = (
				3EDC38B4289AF2EC00D08D2C /* EventSymbols.swift in Sources */,
				3EDC38B9289AF2EC00D08D2C /* EventDetail.swift in Sources */,
				3EDC38B3289AF2EC00D08D2C /* EventList.swift in Sources */,
				3EDC38B5289AF2EC00D08D2C /* EventEditor.swift in Sources */,
				3EDC38AE289AF2EC00D08D2C /* Event.swift in Sources */,
				3EDC38AD289AF2EC00D08D2C /* SymbolPicker.swift in Sources */,
				3EDC38AC289AF2EC00D08D2C /* EventData.swift in Sources */,
				3EDC38B8289AF2EC00D08D2C /* DatePlannerApp.swift in Sources */,
				3EDC38B7289AF2EC00D08D2C /* EventTask.swift in Sources */,
				3EDC38B2289AF2EC00D08D2C /* TaskRow.swift in Sources */,
				3EDC38AB289AF2EC00D08D2C /* EventRow.swift in Sources */,
				3EDC38B6289AF2EC00D08D2C /* ColorOption.swift in Sources */,
				3EDC38B0289AF2EC00D08D2C /* SFSymbolStyling.swift in Sources */,
			);
			runOnlyForDeploymentPostprocessing = 0;
		};
/* End PBXSourcesBuildPhase section */

/* Begin XCBuildConfiguration section */
		3EDC3893289AF2C300D08D2C /* Debug */ = {
			isa = XCBuildConfiguration;
			buildSettings = {
				ALWAYS_SEARCH_USER_PATHS = NO;
				CLANG_ANALYZER_NONNULL = YES;
				CLANG_ANALYZER_NUMBER_OBJECT_CONVERSION = YES_AGGRESSIVE;
				CLANG_CXX_LANGUAGE_STANDARD = "gnu++20";
				CLANG_ENABLE_MODULES = YES;
				CLANG_ENABLE_OBJC_ARC = YES;
				CLANG_ENABLE_OBJC_WEAK = YES;
				CLANG_WARN_BLOCK_CAPTURE_AUTORELEASING = YES;
				CLANG_WARN_BOOL_CONVERSION = YES;
				CLANG_WARN_COMMA = YES;
				CLANG_WARN_CONSTANT_CONVERSION = YES;
				CLANG_WARN_DEPRECATED_OBJC_IMPLEMENTATIONS = YES;
				CLANG_WARN_DIRECT_OBJC_ISA_USAGE = YES_ERROR;
				CLANG_WARN_DOCUMENTATION_COMMENTS = YES;
				CLANG_WARN_EMPTY_BODY = YES;
				CLANG_WARN_ENUM_CONVERSION = YES;
				CLANG_WARN_INFINITE_RECURSION = YES;
				CLANG_WARN_INT_CONVERSION = YES;
				CLANG_WARN_NON_LITERAL_NULL_CONVERSION = YES;
				CLANG_WARN_OBJC_IMPLICIT_RETAIN_SELF = YES;
				CLANG_WARN_OBJC_LITERAL_CONVERSION = YES;
				CLANG_WARN_OBJC_ROOT_CLASS = YES_ERROR;
				CLANG_WARN_QUOTED_INCLUDE_IN_FRAMEWORK_HEADER = YES;
				CLANG_WARN_RANGE_LOOP_ANALYSIS = YES;
				CLANG_WARN_STRICT_PROTOTYPES = YES;
				CLANG_WARN_SUSPICIOUS_MOVE = YES;
				CLANG_WARN_UNGUARDED_AVAILABILITY = YES_AGGRESSIVE;
				CLANG_WARN_UNREACHABLE_CODE = YES;
				CLANG_WARN__DUPLICATE_METHOD_MATCH = YES;
				COPY_PHASE_STRIP = NO;
				DEBUG_INFORMATION_FORMAT = dwarf;
				ENABLE_STRICT_OBJC_MSGSEND = YES;
				ENABLE_TESTABILITY = YES;
				GCC_C_LANGUAGE_STANDARD = gnu11;
				GCC_DYNAMIC_NO_PIC = NO;
				GCC_NO_COMMON_BLOCKS = YES;
				GCC_OPTIMIZATION_LEVEL = 0;
				GCC_PREPROCESSOR_DEFINITIONS = (
					"DEBUG=1",
					"$(inherited)",
				);
				GCC_WARN_64_TO_32_BIT_CONVERSION = YES;
				GCC_WARN_ABOUT_RETURN_TYPE = YES_ERROR;
				GCC_WARN_UNDECLARED_SELECTOR = YES;
				GCC_WARN_UNINITIALIZED_AUTOS = YES_AGGRESSIVE;
				GCC_WARN_UNUSED_FUNCTION = YES;
				GCC_WARN_UNUSED_VARIABLE = YES;
				IPHONEOS_DEPLOYMENT_TARGET = 16.0;
				MTL_ENABLE_DEBUG_INFO = INCLUDE_SOURCE;
				MTL_FAST_MATH = YES;
				ONLY_ACTIVE_ARCH = YES;
				SDKROOT = iphoneos;
				SWIFT_ACTIVE_COMPILATION_CONDITIONS = DEBUG;
				SWIFT_OPTIMIZATION_LEVEL = "-Onone";
			};
			name = Debug;
		};
		3EDC3894289AF2C300D08D2C /* Release */ = {
			isa = XCBuildConfiguration;
			buildSettings = {
				ALWAYS_SEARCH_USER_PATHS = NO;
				CLANG_ANALYZER_NONNULL = YES;
				CLANG_ANALYZER_NUMBER_OBJECT_CONVERSION = YES_AGGRESSIVE;
				CLANG_CXX_LANGUAGE_STANDARD = "gnu++20";
				CLANG_ENABLE_MODULES = YES;
				CLANG_ENABLE_OBJC_ARC = YES;
				CLANG_ENABLE_OBJC_WEAK = YES;
				CLANG_WARN_BLOCK_CAPTURE_AUTORELEASING = YES;
				CLANG_WARN_BOOL_CONVERSION = YES;
				CLANG_WARN_COMMA = YES;
				CLANG_WARN_CONSTANT_CONVERSION = YES;
				CLANG_WARN_DEPRECATED_OBJC_IMPLEMENTATIONS = YES;
				CLANG_WARN_DIRECT_OBJC_ISA_USAGE = YES_ERROR;
				CLANG_WARN_DOCUMENTATION_COMMENTS = YES;
				CLANG_WARN_EMPTY_BODY = YES;
				CLANG_WARN_ENUM_CONVERSION = YES;
				CLANG_WARN_INFINITE_RECURSION = YES;
				CLANG_WARN_INT_CONVERSION = YES;
				CLANG_WARN_NON_LITERAL_NULL_CONVERSION = YES;
				CLANG_WARN_OBJC_IMPLICIT_RETAIN_SELF = YES;
				CLANG_WARN_OBJC_LITERAL_CONVERSION = YES;
				CLANG_WARN_OBJC_ROOT_CLASS = YES_ERROR;
				CLANG_WARN_QUOTED_INCLUDE_IN_FRAMEWORK_HEADER = YES;
				CLANG_WARN_RANGE_LOOP_ANALYSIS = YES;
				CLANG_WARN_STRICT_PROTOTYPES = YES;
				CLANG_WARN_SUSPICIOUS_MOVE = YES;
				CLANG_WARN_UNGUARDED_AVAILABILITY = YES_AGGRESSIVE;
				CLANG_WARN_UNREACHABLE_CODE = YES;
				CLANG_WARN__DUPLICATE_METHOD_MATCH = YES;
				COPY_PHASE_STRIP = NO;
				DEBUG_INFORMATION_FORMAT = "dwarf-with-dsym";
				ENABLE_NS_ASSERTIONS = NO;
				ENABLE_STRICT_OBJC_MSGSEND = YES;
				GCC_C_LANGUAGE_STANDARD = gnu11;
				GCC_NO_COMMON_BLOCKS = YES;
				GCC_WARN_64_TO_32_BIT_CONVERSION = YES;
				GCC_WARN_ABOUT_RETURN_TYPE = YES_ERROR;
				GCC_WARN_UNDECLARED_SELECTOR = YES;
				GCC_WARN_UNINITIALIZED_AUTOS = YES_AGGRESSIVE;
				GCC_WARN_UNUSED_FUNCTION = YES;
				GCC_WARN_UNUSED_VARIABLE = YES;
				IPHONEOS_DEPLOYMENT_TARGET = 16.0;
				MTL_ENABLE_DEBUG_INFO = NO;
				MTL_FAST_MATH = YES;
				SDKROOT = iphoneos;
				SWIFT_COMPILATION_MODE = wholemodule;
				SWIFT_OPTIMIZATION_LEVEL = "-O";
				VALIDATE_PRODUCT = YES;
			};
			name = Release;
		};
		3EDC3896289AF2C300D08D2C /* Debug */ = {
			isa = XCBuildConfiguration;
			buildSettings = {
				ASSETCATALOG_COMPILER_APPICON_NAME = AppIcon;
				ASSETCATALOG_COMPILER_GLOBAL_ACCENT_COLOR_NAME = AccentColor;
				CODE_SIGN_STYLE = Automatic;
				CURRENT_PROJECT_VERSION = 1;
				DEVELOPMENT_ASSET_PATHS = "\"App/Preview Content\"";
				DEVELOPMENT_TEAM = 3P5FLP6WQH;
				ENABLE_PREVIEWS = YES;
				GENERATE_INFOPLIST_FILE = YES;
				INFOPLIST_KEY_UIApplicationSceneManifest_Generation = YES;
				INFOPLIST_KEY_UIApplicationSupportsIndirectInputEvents = YES;
				INFOPLIST_KEY_UILaunchScreen_Generation = YES;
				INFOPLIST_KEY_UISupportedInterfaceOrientations_iPad = "UIInterfaceOrientationPortrait UIInterfaceOrientationPortraitUpsideDown UIInterfaceOrientationLandscapeLeft UIInterfaceOrientationLandscapeRight";
				INFOPLIST_KEY_UISupportedInterfaceOrientations_iPhone = "UIInterfaceOrientationPortrait UIInterfaceOrientationLandscapeLeft UIInterfaceOrientationLandscapeRight";
				LD_RUNPATH_SEARCH_PATHS = (
					"$(inherited)",
					"@executable_path/Frameworks",
				);
				MARKETING_VERSION = 1.0;
				PRODUCT_BUNDLE_IDENTIFIER = "com.nkalvi.Date-Planner-710387";
				PRODUCT_NAME = "$(TARGET_NAME)";
				SWIFT_EMIT_LOC_STRINGS = YES;
				SWIFT_VERSION = 5.0;
				TARGETED_DEVICE_FAMILY = "1,2";
			};
			name = Debug;
		};
		3EDC3897289AF2C300D08D2C /* Release */ = {
			isa = XCBuildConfiguration;
			buildSettings = {
				ASSETCATALOG_COMPILER_APPICON_NAME = AppIcon;
				ASSETCATALOG_COMPILER_GLOBAL_ACCENT_COLOR_NAME = AccentColor;
				CODE_SIGN_STYLE = Automatic;
				CURRENT_PROJECT_VERSION = 1;
				DEVELOPMENT_ASSET_PATHS = "\"App/Preview Content\"";
				DEVELOPMENT_TEAM = 3P5FLP6WQH;
				ENABLE_PREVIEWS = YES;
				GENERATE_INFOPLIST_FILE = YES;
				INFOPLIST_KEY_UIApplicationSceneManifest_Generation = YES;
				INFOPLIST_KEY_UIApplicationSupportsIndirectInputEvents = YES;
				INFOPLIST_KEY_UILaunchScreen_Generation = YES;
				INFOPLIST_KEY_UISupportedInterfaceOrientations_iPad = "UIInterfaceOrientationPortrait UIInterfaceOrientationPortraitUpsideDown UIInterfaceOrientationLandscapeLeft UIInterfaceOrientationLandscapeRight";
				INFOPLIST_KEY_UISupportedInterfaceOrientations_iPhone = "UIInterfaceOrientationPortrait UIInterfaceOrientationLandscapeLeft UIInterfaceOrientationLandscapeRight";
				LD_RUNPATH_SEARCH_PATHS = (
					"$(inherited)",
					"@executable_path/Frameworks",
				);
				MARKETING_VERSION = 1.0;
				PRODUCT_BUNDLE_IDENTIFIER = "com.nkalvi.Date-Planner-710387";
				PRODUCT_NAME = "$(TARGET_NAME)";
				SWIFT_EMIT_LOC_STRINGS = YES;
				SWIFT_VERSION = 5.0;
				TARGETED_DEVICE_FAMILY = "1,2";
			};
			name = Release;
		};
/* End XCBuildConfiguration section */

/* Begin XCConfigurationList section */
		3EDC3882289AF2C200D08D2C /* Build configuration list for PBXProject "Date Planner-710387" */ = {
			isa = XCConfigurationList;
			buildConfigurations = (
				3EDC3893289AF2C300D08D2C /* Debug */,
				3EDC3894289AF2C300D08D2C /* Release */,
			);
			defaultConfigurationIsVisible = 0;
			defaultConfigurationName = Release;
		};
		3EDC3895289AF2C300D08D2C /* Build configuration list for PBXNativeTarget "Date Planner-710387" */ = {
			isa = XCConfigurationList;
			buildConfigurations = (
				3EDC3896289AF2C300D08D2C /* Debug */,
				3EDC3897289AF2C300D08D2C /* Release */,
			);
			defaultConfigurationIsVisible = 0;
			defaultConfigurationName = Release;
		};
/* End XCConfigurationList section */
	};
	rootObject = 3EDC387F289AF2C200D08D2C /* Project object */;
}
